
Microsoft Visual Studio Solution File, Format Version 12.00
# Visual Studio Version 17
VisualStudioVersion = 17.1.32421.90
MinimumVisualStudioVersion = 10.0.40219.1
Project("{FAE04EC0-301F-11D3-BF4B-00C04F79EFBC}") = "Hospital", "Hospital\Hospital.csproj", "{75465FCA-A59C-48CD-971B-67587EFCEBA4}"
EndProject
Project("{FAE04EC0-301F-11D3-BF4B-00C04F79EFBC}") = "DataAccessLayer", "DataAccessLayer\DataAccessLayer.csproj", "{472C71F1-04F8-49DC-BBF6-0BAFAF2345FF}"
EndProject
Project("{FAE04EC0-301F-11D3-BF4B-00C04F79EFBC}") = "abc", "abc\abc.csproj", "{88799DCD-9184-458B-A234-B481DF38BF42}"
EndProject
Project("{FAE04EC0-301F-11D3-BF4B-00C04F79EFBC}") = "WinFormsLibrary1", "WinFormsLibrary1\WinFormsLibrary1.csproj", "{8A370615-F813-45FB-8723-0008B3A3EA00}"
EndProject
Global
	GlobalSection(SolutionConfigurationPlatforms) = preSolution
		Debug|Any CPU = Debug|Any CPU
		Release|Any CPU = Release|Any CPU
	EndGlobalSection
	GlobalSection(ProjectConfigurationPlatforms) = postSolution
		{75465FCA-A59C-48CD-971B-67587EFCEBA4}.Debug|Any CPU.ActiveCfg = Debug|Any CPU
		{75465FCA-A59C-48CD-971B-67587EFCEBA4}.Debug|Any CPU.Build.0 = Debug|Any CPU
		{75465FCA-A59C-48CD-971B-67587EFCEBA4}.Release|Any CPU.ActiveCfg = Release|Any CPU
		{75465FCA-A59C-48CD-971B-67587EFCEBA4}.Release|Any CPU.Build.0 = Release|Any CPU
		{472C71F1-04F8-49DC-BBF6-0BAFAF2345FF}.Debug|Any CPU.ActiveCfg = Debug|Any CPU
		{472C71F1-04F8-49DC-BBF6-0BAFAF2345FF}.Debug|Any CPU.Build.0 = Debug|Any CPU
		{472C71F1-04F8-49DC-BBF6-0BAFAF2345FF}.Release|Any CPU.ActiveCfg = Release|Any CPU
		{472C71F1-04F8-49DC-BBF6-0BAFAF2345FF}.Release|Any CPU.Build.0 = Release|Any CPU
		{88799DCD-9184-458B-A234-B481DF38BF42}.Debug|Any CPU.ActiveCfg = Debug|Any CPU
		{88799DCD-9184-458B-A234-B481DF38BF42}.Debug|Any CPU.Build.0 = Debug|Any CPU
		{88799DCD-9184-458B-A234-B481DF38BF42}.Release|Any CPU.ActiveCfg = Release|Any CPU
		{88799DCD-9184-458B-A234-B481DF38BF42}.Release|Any CPU.Build.0 = Release|Any CPU
		{8A370615-F813-45FB-8723-0008B3A3EA00}.Debug|Any CPU.ActiveCfg = Debug|Any CPU
		{8A370615-F813-45FB-8723-0008B3A3EA00}.Debug|Any CPU.Build.0 = Debug|Any CPU
		{8A370615-F813-45FB-8723-0008B3A3EA00}.Release|Any CPU.ActiveCfg = Release|Any CPU
		{8A370615-F813-45FB-8723-0008B3A3EA00}.Release|Any CPU.Build.0 = Release|Any CPU
	EndGlobalSection
	GlobalSection(SolutionProperties) = preSolution
		HideSolutionNode = FALSE
	EndGlobalSection
	GlobalSection(ExtensibilityGlobals) = postSolution
		SolutionGuid = {67C72566-278E-4451-913C-F4532E1A2CF5}
	EndGlobalSection
EndGlobal
